// !$*UTF8*$!
{
	archiveVersion = 1;
	classes = {
	};
	objectVersion = 50;
	objects = {

/* Begin PBXBuildFile section */
		7B950A6C434A436455604B82 /* Pods_JobOrganizer.framework in Frameworks */ = {isa = PBXBuildFile; fileRef = 0D8C00D043C242848AF8CAFE /* Pods_JobOrganizer.framework */; };
		A5584D59220DCEC9001C5763 /* JobViewController.swift in Sources */ = {isa = PBXBuildFile; fileRef = A5584D58220DCEC9001C5763 /* JobViewController.swift */; };
		A5584D5B220DCF19001C5763 /* Job.swift in Sources */ = {isa = PBXBuildFile; fileRef = A5584D5A220DCF19001C5763 /* Job.swift */; };
		A5584DB822138FBB001C5763 /* JobDetailsTableViewController.swift in Sources */ = {isa = PBXBuildFile; fileRef = A5584DB722138FBA001C5763 /* JobDetailsTableViewController.swift */; };
		A560489C220B773B007F0BBE /* AppDelegate.swift in Sources */ = {isa = PBXBuildFile; fileRef = A560489B220B773B007F0BBE /* AppDelegate.swift */; };
		A560489E220B773B007F0BBE /* LoginViewController.swift in Sources */ = {isa = PBXBuildFile; fileRef = A560489D220B773B007F0BBE /* LoginViewController.swift */; };
		A56048A1220B773B007F0BBE /* Main.storyboard in Resources */ = {isa = PBXBuildFile; fileRef = A560489F220B773B007F0BBE /* Main.storyboard */; };
		A56048A3220B773C007F0BBE /* Assets.xcassets in Resources */ = {isa = PBXBuildFile; fileRef = A56048A2220B773C007F0BBE /* Assets.xcassets */; };
		A56048A6220B773C007F0BBE /* LaunchScreen.storyboard in Resources */ = {isa = PBXBuildFile; fileRef = A56048A4220B773C007F0BBE /* LaunchScreen.storyboard */; };
		A5746C43220B7BBD0099CD31 /* GoogleService-Info.plist in Resources */ = {isa = PBXBuildFile; fileRef = A5746C42220B7BBD0099CD31 /* GoogleService-Info.plist */; };
/* End PBXBuildFile section */

/* Begin PBXFileReference section */
		0D8C00D043C242848AF8CAFE /* Pods_JobOrganizer.framework */ = {isa = PBXFileReference; explicitFileType = wrapper.framework; includeInIndex = 0; path = Pods_JobOrganizer.framework; sourceTree = BUILT_PRODUCTS_DIR; };
		A5584D58220DCEC9001C5763 /* JobViewController.swift */ = {isa = PBXFileReference; lastKnownFileType = sourcecode.swift; path = JobViewController.swift; sourceTree = "<group>"; };
		A5584D5A220DCF19001C5763 /* Job.swift */ = {isa = PBXFileReference; lastKnownFileType = sourcecode.swift; path = Job.swift; sourceTree = "<group>"; };
		A5584DB722138FBA001C5763 /* JobDetailsTableViewController.swift */ = {isa = PBXFileReference; lastKnownFileType = sourcecode.swift; path = JobDetailsTableViewController.swift; sourceTree = "<group>"; };
		A5604898220B773B007F0BBE /* JobOrganizer.app */ = {isa = PBXFileReference; explicitFileType = wrapper.application; includeInIndex = 0; path = JobOrganizer.app; sourceTree = BUILT_PRODUCTS_DIR; };
		A560489B220B773B007F0BBE /* AppDelegate.swift */ = {isa = PBXFileReference; lastKnownFileType = sourcecode.swift; path = AppDelegate.swift; sourceTree = "<group>"; };
		A560489D220B773B007F0BBE /* LoginViewController.swift */ = {isa = PBXFileReference; lastKnownFileType = sourcecode.swift; path = LoginViewController.swift; sourceTree = "<group>"; };
		A56048A0220B773B007F0BBE /* Base */ = {isa = PBXFileReference; lastKnownFileType = file.storyboard; name = Base; path = Base.lproj/Main.storyboard; sourceTree = "<group>"; };
		A56048A2220B773C007F0BBE /* Assets.xcassets */ = {isa = PBXFileReference; lastKnownFileType = folder.assetcatalog; path = Assets.xcassets; sourceTree = "<group>"; };
		A56048A5220B773C007F0BBE /* Base */ = {isa = PBXFileReference; lastKnownFileType = file.storyboard; name = Base; path = Base.lproj/LaunchScreen.storyboard; sourceTree = "<group>"; };
		A56048A7220B773C007F0BBE /* Info.plist */ = {isa = PBXFileReference; lastKnownFileType = text.plist.xml; path = Info.plist; sourceTree = "<group>"; };
		A5746C42220B7BBD0099CD31 /* GoogleService-Info.plist */ = {isa = PBXFileReference; fileEncoding = 4; lastKnownFileType = text.plist.xml; path = "GoogleService-Info.plist"; sourceTree = "<group>"; };
		A6A26B27C9A2E5F2B2D87414 /* Pods-JobOrganizer.debug.xcconfig */ = {isa = PBXFileReference; includeInIndex = 1; lastKnownFileType = text.xcconfig; name = "Pods-JobOrganizer.debug.xcconfig"; path = "Pods/Target Support Files/Pods-JobOrganizer/Pods-JobOrganizer.debug.xcconfig"; sourceTree = "<group>"; };
		B77AD0F1455979D953B386ED /* Pods-JobOrganizer.release.xcconfig */ = {isa = PBXFileReference; includeInIndex = 1; lastKnownFileType = text.xcconfig; name = "Pods-JobOrganizer.release.xcconfig"; path = "Pods/Target Support Files/Pods-JobOrganizer/Pods-JobOrganizer.release.xcconfig"; sourceTree = "<group>"; };
/* End PBXFileReference section */

/* Begin PBXFrameworksBuildPhase section */
		A5604895220B773B007F0BBE /* Frameworks */ = {
			isa = PBXFrameworksBuildPhase;
			buildActionMask = 2147483647;
			files = (
				7B950A6C434A436455604B82 /* Pods_JobOrganizer.framework in Frameworks */,
			);
			runOnlyForDeploymentPostprocessing = 0;
		};
/* End PBXFrameworksBuildPhase section */

/* Begin PBXGroup section */
		A5584DB92213900D001C5763 /* Controllers */ = {
			isa = PBXGroup;
			children = (
				A560489D220B773B007F0BBE /* LoginViewController.swift */,
				A5584D58220DCEC9001C5763 /* JobViewController.swift */,
				A5584DB722138FBA001C5763 /* JobDetailsTableViewController.swift */,
			);
			path = Controllers;
			sourceTree = "<group>";
		};
		A5584DBA22139019001C5763 /* Model */ = {
			isa = PBXGroup;
			children = (
				A5584D5A220DCF19001C5763 /* Job.swift */,
			);
			path = Model;
			sourceTree = "<group>";
		};
		A560488F220B773B007F0BBE = {
			isa = PBXGroup;
			children = (
				A560489A220B773B007F0BBE /* JobOrganizer */,
				A5604899220B773B007F0BBE /* Products */,
				DB2E22EA5B594858944B5BE7 /* Pods */,
				E2BB48B9CCDB5B36F0C5B8D4 /* Frameworks */,
			);
			sourceTree = "<group>";
		};
		A5604899220B773B007F0BBE /* Products */ = {
			isa = PBXGroup;
			children = (
				A5604898220B773B007F0BBE /* JobOrganizer.app */,
			);
			name = Products;
			sourceTree = "<group>";
		};
		A560489A220B773B007F0BBE /* JobOrganizer */ = {
			isa = PBXGroup;
			children = (
				A560489B220B773B007F0BBE /* AppDelegate.swift */,
				A560489F220B773B007F0BBE /* Main.storyboard */,
				A5584DB92213900D001C5763 /* Controllers */,
				A5584DBA22139019001C5763 /* Model */,
				A56048A2220B773C007F0BBE /* Assets.xcassets */,
				A56048A4220B773C007F0BBE /* LaunchScreen.storyboard */,
				A5746C42220B7BBD0099CD31 /* GoogleService-Info.plist */,
				A56048A7220B773C007F0BBE /* Info.plist */,
			);
			path = JobOrganizer;
			sourceTree = "<group>";
		};
		DB2E22EA5B594858944B5BE7 /* Pods */ = {
			isa = PBXGroup;
			children = (
				A6A26B27C9A2E5F2B2D87414 /* Pods-JobOrganizer.debug.xcconfig */,
				B77AD0F1455979D953B386ED /* Pods-JobOrganizer.release.xcconfig */,
			);
			name = Pods;
			sourceTree = "<group>";
		};
		E2BB48B9CCDB5B36F0C5B8D4 /* Frameworks */ = {
			isa = PBXGroup;
			children = (
				0D8C00D043C242848AF8CAFE /* Pods_JobOrganizer.framework */,
			);
			name = Frameworks;
			sourceTree = "<group>";
		};
/* End PBXGroup section */

/* Begin PBXNativeTarget section */
		A5604897220B773B007F0BBE /* JobOrganizer */ = {
			isa = PBXNativeTarget;
			buildConfigurationList = A56048AA220B773C007F0BBE /* Build configuration list for PBXNativeTarget "JobOrganizer" */;
			buildPhases = (
				FA746580E9E849AC28801A60 /* [CP] Check Pods Manifest.lock */,
				A5604894220B773B007F0BBE /* Sources */,
				A5604895220B773B007F0BBE /* Frameworks */,
				A5604896220B773B007F0BBE /* Resources */,
				70EDA87FCF2A43CB73952FB0 /* [CP] Embed Pods Frameworks */,
				62E8F20CA84468B6946DC2DE /* [CP] Copy Pods Resources */,
			);
			buildRules = (
			);
			dependencies = (
			);
			name = JobOrganizer;
			productName = JobOrganizer;
			productReference = A5604898220B773B007F0BBE /* JobOrganizer.app */;
			productType = "com.apple.product-type.application";
		};
/* End PBXNativeTarget section */

/* Begin PBXProject section */
		A5604890220B773B007F0BBE /* Project object */ = {
			isa = PBXProject;
			attributes = {
				LastSwiftUpdateCheck = 1010;
				LastUpgradeCheck = 1010;
				ORGANIZATIONNAME = JaneZhu;
				TargetAttributes = {
					A5604897220B773B007F0BBE = {
						CreatedOnToolsVersion = 10.1;
					};
				};
			};
			buildConfigurationList = A5604893220B773B007F0BBE /* Build configuration list for PBXProject "JobOrganizer" */;
			compatibilityVersion = "Xcode 9.3";
			developmentRegion = en;
			hasScannedForEncodings = 0;
			knownRegions = (
				en,
				Base,
			);
			mainGroup = A560488F220B773B007F0BBE;
			productRefGroup = A5604899220B773B007F0BBE /* Products */;
			projectDirPath = "";
			projectRoot = "";
			targets = (
				A5604897220B773B007F0BBE /* JobOrganizer */,
			);
		};
/* End PBXProject section */

/* Begin PBXResourcesBuildPhase section */
		A5604896220B773B007F0BBE /* Resources */ = {
			isa = PBXResourcesBuildPhase;
			buildActionMask = 2147483647;
			files = (
				A56048A6220B773C007F0BBE /* LaunchScreen.storyboard in Resources */,
				A5746C43220B7BBD0099CD31 /* GoogleService-Info.plist in Resources */,
				A56048A3220B773C007F0BBE /* Assets.xcassets in Resources */,
				A56048A1220B773B007F0BBE /* Main.storyboard in Resources */,
			);
			runOnlyForDeploymentPostprocessing = 0;
		};
/* End PBXResourcesBuildPhase section */

/* Begin PBXShellScriptBuildPhase section */
		62E8F20CA84468B6946DC2DE /* [CP] Copy Pods Resources */ = {
			isa = PBXShellScriptBuildPhase;
			buildActionMask = 2147483647;
			files = (
			);
			inputFileListPaths = (
			);
			inputPaths = (
				"${SRCROOT}/Pods/Target Support Files/Pods-JobOrganizer/Pods-JobOrganizer-resources.sh",
				"${PODS_CONFIGURATION_BUILD_DIR}/FirebaseUI/FirebaseAuthUI.bundle",
			);
			name = "[CP] Copy Pods Resources";
			outputFileListPaths = (
			);
			outputPaths = (
				"${TARGET_BUILD_DIR}/${UNLOCALIZED_RESOURCES_FOLDER_PATH}/FirebaseAuthUI.bundle",
			);
			runOnlyForDeploymentPostprocessing = 0;
			shellPath = /bin/sh;
			shellScript = "\"${SRCROOT}/Pods/Target Support Files/Pods-JobOrganizer/Pods-JobOrganizer-resources.sh\"\n";
			showEnvVarsInLog = 0;
		};
		70EDA87FCF2A43CB73952FB0 /* [CP] Embed Pods Frameworks */ = {
			isa = PBXShellScriptBuildPhase;
			buildActionMask = 2147483647;
			files = (
			);
			inputFileListPaths = (
			);
			inputPaths = (
				"${SRCROOT}/Pods/Target Support Files/Pods-JobOrganizer/Pods-JobOrganizer-frameworks.sh",
				"${BUILT_PRODUCTS_DIR}/GTMSessionFetcher/GTMSessionFetcher.framework",
				"${BUILT_PRODUCTS_DIR}/GoogleUtilities/GoogleUtilities.framework",
				"${BUILT_PRODUCTS_DIR}/leveldb-library/leveldb.framework",
				"${BUILT_PRODUCTS_DIR}/nanopb/nanopb.framework",
			);
			name = "[CP] Embed Pods Frameworks";
			outputFileListPaths = (
			);
			outputPaths = (
				"${TARGET_BUILD_DIR}/${FRAMEWORKS_FOLDER_PATH}/GTMSessionFetcher.framework",
				"${TARGET_BUILD_DIR}/${FRAMEWORKS_FOLDER_PATH}/GoogleUtilities.framework",
				"${TARGET_BUILD_DIR}/${FRAMEWORKS_FOLDER_PATH}/leveldb.framework",
				"${TARGET_BUILD_DIR}/${FRAMEWORKS_FOLDER_PATH}/nanopb.framework",
			);
			runOnlyForDeploymentPostprocessing = 0;
			shellPath = /bin/sh;
			shellScript = "\"${SRCROOT}/Pods/Target Support Files/Pods-JobOrganizer/Pods-JobOrganizer-frameworks.sh\"\n";
			showEnvVarsInLog = 0;
		};
		FA746580E9E849AC28801A60 /* [CP] Check Pods Manifest.lock */ = {
			isa = PBXShellScriptBuildPhase;
			buildActionMask = 2147483647;
			files = (
			);
			inputFileListPaths = (
			);
			inputPaths = (
				"${PODS_PODFILE_DIR_PATH}/Podfile.lock",
				"${PODS_ROOT}/Manifest.lock",
			);
			name = "[CP] Check Pods Manifest.lock";
			outputFileListPaths = (
			);
			outputPaths = (
				"$(DERIVED_FILE_DIR)/Pods-JobOrganizer-checkManifestLockResult.txt",
			);
			runOnlyForDeploymentPostprocessing = 0;
			shellPath = /bin/sh;
			shellScript = "diff \"${PODS_PODFILE_DIR_PATH}/Podfile.lock\" \"${PODS_ROOT}/Manifest.lock\" > /dev/null\nif [ $? != 0 ] ; then\n    # print error to STDERR\n    echo \"error: The sandbox is not in sync with the Podfile.lock. Run 'pod install' or update your CocoaPods installation.\" >&2\n    exit 1\nfi\n# This output is used by Xcode 'outputs' to avoid re-running this script phase.\necho \"SUCCESS\" > \"${SCRIPT_OUTPUT_FILE_0}\"\n";
			showEnvVarsInLog = 0;
		};
/* End PBXShellScriptBuildPhase section */

/* Begin PBXSourcesBuildPhase section */
		A5604894220B773B007F0BBE /* Sources */ = {
			isa = PBXSourcesBuildPhase;
			buildActionMask = 2147483647;
			files = (
				A560489E220B773B007F0BBE /* LoginViewController.swift in Sources */,
				A560489C220B773B007F0BBE /* AppDelegate.swift in Sources */,
				A5584D59220DCEC9001C5763 /* JobViewController.swift in Sources */,
				A5584D5B220DCF19001C5763 /* Job.swift in Sources */,
				A5584DB822138FBB001C5763 /* JobDetailsTableViewController.swift in Sources */,
			);
			runOnlyForDeploymentPostprocessing = 0;
		};
/* End PBXSourcesBuildPhase section */

/* Begin PBXVariantGroup section */
		A560489F220B773B007F0BBE /* Main.storyboard */ = {
			isa = PBXVariantGroup;
			children = (
				A56048A0220B773B007F0BBE /* Base */,
			);
			name = Main.storyboard;
			sourceTree = "<group>";
		};
		A56048A4220B773C007F0BBE /* LaunchScreen.storyboard */ = {
			isa = PBXVariantGroup;
			children = (
				A56048A5220B773C007F0BBE /* Base */,
			);
			name = LaunchScreen.storyboard;
			sourceTree = "<group>";
		};
/* End PBXVariantGroup section */

/* Begin XCBuildConfiguration section */
		A56048A8220B773C007F0BBE /* Debug */ = {
			isa = XCBuildConfiguration;
			buildSettings = {
				ALWAYS_SEARCH_USER_PATHS = NO;
				CLANG_ANALYZER_NONNULL = YES;
				CLANG_ANALYZER_NUMBER_OBJECT_CONVERSION = YES_AGGRESSIVE;
				CLANG_CXX_LANGUAGE_STANDARD = "gnu++14";
				CLANG_CXX_LIBRARY = "libc++";
				CLANG_ENABLE_MODULES = YES;
				CLANG_ENABLE_OBJC_ARC = YES;
				CLANG_ENABLE_OBJC_WEAK = YES;
				CLANG_WARN_BLOCK_CAPTURE_AUTORELEASING = YES;
				CLANG_WARN_BOOL_CONVERSION = YES;
				CLANG_WARN_COMMA = YES;
				CLANG_WARN_CONSTANT_CONVERSION = YES;
				CLANG_WARN_DEPRECATED_OBJC_IMPLEMENTATIONS = YES;
				CLANG_WARN_DIRECT_OBJC_ISA_USAGE = YES_ERROR;
				CLANG_WARN_DOCUMENTATION_COMMENTS = YES;
				CLANG_WARN_EMPTY_BODY = YES;
				CLANG_WARN_ENUM_CONVERSION = YES;
				CLANG_WARN_INFINITE_RECURSION = YES;
				CLANG_WARN_INT_CONVERSION = YES;
				CLANG_WARN_NON_LITERAL_NULL_CONVERSION = YES;
				CLANG_WARN_OBJC_IMPLICIT_RETAIN_SELF = YES;
				CLANG_WARN_OBJC_LITERAL_CONVERSION = YES;
				CLANG_WARN_OBJC_ROOT_CLASS = YES_ERROR;
				CLANG_WARN_RANGE_LOOP_ANALYSIS = YES;
				CLANG_WARN_STRICT_PROTOTYPES = YES;
				CLANG_WARN_SUSPICIOUS_MOVE = YES;
				CLANG_WARN_UNGUARDED_AVAILABILITY = YES_AGGRESSIVE;
				CLANG_WARN_UNREACHABLE_CODE = YES;
				CLANG_WARN__DUPLICATE_METHOD_MATCH = YES;
				CODE_SIGN_IDENTITY = "iPhone Developer";
				COPY_PHASE_STRIP = NO;
				DEBUG_INFORMATION_FORMAT = dwarf;
				ENABLE_STRICT_OBJC_MSGSEND = YES;
				ENABLE_TESTABILITY = YES;
				GCC_C_LANGUAGE_STANDARD = gnu11;
				GCC_DYNAMIC_NO_PIC = NO;
				GCC_NO_COMMON_BLOCKS = YES;
				GCC_OPTIMIZATION_LEVEL = 0;
				GCC_PREPROCESSOR_DEFINITIONS = (
					"DEBUG=1",
					"$(inherited)",
				);
				GCC_WARN_64_TO_32_BIT_CONVERSION = YES;
				GCC_WARN_ABOUT_RETURN_TYPE = YES_ERROR;
				GCC_WARN_UNDECLARED_SELECTOR = YES;
				GCC_WARN_UNINITIALIZED_AUTOS = YES_AGGRESSIVE;
				GCC_WARN_UNUSED_FUNCTION = YES;
				GCC_WARN_UNUSED_VARIABLE = YES;
				IPHONEOS_DEPLOYMENT_TARGET = 12.1;
				MTL_ENABLE_DEBUG_INFO = INCLUDE_SOURCE;
				MTL_FAST_MATH = YES;
				ONLY_ACTIVE_ARCH = YES;
				SDKROOT = iphoneos;
				SWIFT_ACTIVE_COMPILATION_CONDITIONS = DEBUG;
				SWIFT_OPTIMIZATION_LEVEL = "-Onone";
			};
			name = Debug;
		};
		A56048A9220B773C007F0BBE /* Release */ = {
			isa = XCBuildConfiguration;
			buildSettings = {
				ALWAYS_SEARCH_USER_PATHS = NO;
				CLANG_ANALYZER_NONNULL = YES;
				CLANG_ANALYZER_NUMBER_OBJECT_CONVERSION = YES_AGGRESSIVE;
				CLANG_CXX_LANGUAGE_STANDARD = "gnu++14";
				CLANG_CXX_LIBRARY = "libc++";
				CLANG_ENABLE_MODULES = YES;
				CLANG_ENABLE_OBJC_ARC = YES;
				CLANG_ENABLE_OBJC_WEAK = YES;
				CLANG_WARN_BLOCK_CAPTURE_AUTORELEASING = YES;
				CLANG_WARN_BOOL_CONVERSION = YES;
				CLANG_WARN_COMMA = YES;
				CLANG_WARN_CONSTANT_CONVERSION = YES;
				CLANG_WARN_DEPRECATED_OBJC_IMPLEMENTATIONS = YES;
				CLANG_WARN_DIRECT_OBJC_ISA_USAGE = YES_ERROR;
				CLANG_WARN_DOCUMENTATION_COMMENTS = YES;
				CLANG_WARN_EMPTY_BODY = YES;
				CLANG_WARN_ENUM_CONVERSION = YES;
				CLANG_WARN_INFINITE_RECURSION = YES;
				CLANG_WARN_INT_CONVERSION = YES;
				CLANG_WARN_NON_LITERAL_NULL_CONVERSION = YES;
				CLANG_WARN_OBJC_IMPLICIT_RETAIN_SELF = YES;
				CLANG_WARN_OBJC_LITERAL_CONVERSION = YES;
				CLANG_WARN_OBJC_ROOT_CLASS = YES_ERROR;
				CLANG_WARN_RANGE_LOOP_ANALYSIS = YES;
				CLANG_WARN_STRICT_PROTOTYPES = YES;
				CLANG_WARN_SUSPICIOUS_MOVE = YES;
				CLANG_WARN_UNGUARDED_AVAILABILITY = YES_AGGRESSIVE;
				CLANG_WARN_UNREACHABLE_CODE = YES;
				CLANG_WARN__DUPLICATE_METHOD_MATCH = YES;
				CODE_SIGN_IDENTITY = "iPhone Developer";
				COPY_PHASE_STRIP = NO;
				DEBUG_INFORMATION_FORMAT = "dwarf-with-dsym";
				ENABLE_NS_ASSERTIONS = NO;
				ENABLE_STRICT_OBJC_MSGSEND = YES;
				GCC_C_LANGUAGE_STANDARD = gnu11;
				GCC_NO_COMMON_BLOCKS = YES;
				GCC_WARN_64_TO_32_BIT_CONVERSION = YES;
				GCC_WARN_ABOUT_RETURN_TYPE = YES_ERROR;
				GCC_WARN_UNDECLARED_SELECTOR = YES;
				GCC_WARN_UNINITIALIZED_AUTOS = YES_AGGRESSIVE;
				GCC_WARN_UNUSED_FUNCTION = YES;
				GCC_WARN_UNUSED_VARIABLE = YES;
				IPHONEOS_DEPLOYMENT_TARGET = 12.1;
				MTL_ENABLE_DEBUG_INFO = NO;
				MTL_FAST_MATH = YES;
				SDKROOT = iphoneos;
				SWIFT_COMPILATION_MODE = wholemodule;
				SWIFT_OPTIMIZATION_LEVEL = "-O";
				VALIDATE_PRODUCT = YES;
			};
			name = Release;
		};
		A56048AB220B773C007F0BBE /* Debug */ = {
			isa = XCBuildConfiguration;
			baseConfigurationReference = A6A26B27C9A2E5F2B2D87414 /* Pods-JobOrganizer.debug.xcconfig */;
			buildSettings = {
				ASSETCATALOG_COMPILER_APPICON_NAME = AppIcon;
				CODE_SIGN_STYLE = Automatic;
				DEVELOPMENT_TEAM = WGF5N989LK;
				INFOPLIST_FILE = JobOrganizer/Info.plist;
				LD_RUNPATH_SEARCH_PATHS = (
					"$(inherited)",
					"@executable_path/Frameworks",
				);
				PRODUCT_BUNDLE_IDENTIFIER = com.janezhu.www.JobOrganizer;
				PRODUCT_NAME = "$(TARGET_NAME)";
				SWIFT_VERSION = 4.2;
				TARGETED_DEVICE_FAMILY = "1,2";
			};
			name = Debug;
		};
		A56048AC220B773C007F0BBE /* Release */ = {
			isa = XCBuildConfiguration;
			baseConfigurationReference = B77AD0F1455979D953B386ED /* Pods-JobOrganizer.release.xcconfig */;
			buildSettings = {
				ASSETCATALOG_COMPILER_APPICON_NAME = AppIcon;
				CODE_SIGN_STYLE = Automatic;
				DEVELOPMENT_TEAM = WGF5N989LK;
				INFOPLIST_FILE = JobOrganizer/Info.plist;
				LD_RUNPATH_SEARCH_PATHS = (
					"$(inherited)",
					"@executable_path/Frameworks",
				);
				PRODUCT_BUNDLE_IDENTIFIER = com.janezhu.www.JobOrganizer;
				PRODUCT_NAME = "$(TARGET_NAME)";
				SWIFT_VERSION = 4.2;
				TARGETED_DEVICE_FAMILY = "1,2";
			};
			name = Release;
		};
/* End XCBuildConfiguration section */

/* Begin XCConfigurationList section */
		A5604893220B773B007F0BBE /* Build configuration list for PBXProject "JobOrganizer" */ = {
			isa = XCConfigurationList;
			buildConfigurations = (
				A56048A8220B773C007F0BBE /* Debug */,
				A56048A9220B773C007F0BBE /* Release */,
			);
			defaultConfigurationIsVisible = 0;
			defaultConfigurationName = Release;
		};
		A56048AA220B773C007F0BBE /* Build configuration list for PBXNativeTarget "JobOrganizer" */ = {
			isa = XCConfigurationList;
			buildConfigurations = (
				A56048AB220B773C007F0BBE /* Debug */,
				A56048AC220B773C007F0BBE /* Release */,
			);
			defaultConfigurationIsVisible = 0;
			defaultConfigurationName = Release;
		};
/* End XCConfigurationList section */
	};
	rootObject = A5604890220B773B007F0BBE /* Project object */;
}
